
Microsoft Visual Studio Solution File, Format Version 12.00
# Visual Studio Version 16
VisualStudioVersion = 16.0.31729.503
MinimumVisualStudioVersion = 10.0.40219.1
Project("{8BC9CEB8-8B4A-11D0-8D11-00A0C91BC942}") = "PuzzleGames", "PuzzleGames\PuzzleGames.vcxproj", "{765CFF0E-0498-4978-970E-B88765780F70}"
EndProject
Global
	GlobalSection(SolutionConfigurationPlatforms) = preSolution
		Debug|x64 = Debug|x64
		Debug|x86 = Debug|x86
		Release|x64 = Release|x64
		Release|x86 = Release|x86
	EndGlobalSection
	GlobalSection(ProjectConfigurationPlatforms) = postSolution
		{765CFF0E-0498-4978-970E-B88765780F70}.Debug|x64.ActiveCfg = Debug|x64
		{765CFF0E-0498-4978-970E-B88765780F70}.Debug|x64.Build.0 = Debug|x64
		{765CFF0E-0498-4978-970E-B88765780F70}.Debug|x86.ActiveCfg = Debug|x64
		{765CFF0E-0498-4978-970E-B88765780F70}.Release|x64.ActiveCfg = Release|x64
		{765CFF0E-0498-4978-970E-B88765780F70}.Release|x64.Build.0 = Release|x64
		{765CFF0E-0498-4978-970E-B88765780F70}.Release|x86.ActiveCfg = Release|x64
	EndGlobalSection
	GlobalSection(SolutionProperties) = preSolution
		HideSolutionNode = FALSE
	EndGlobalSection
	GlobalSection(ExtensibilityGlobals) = postSolution
		SolutionGuid = {B6E36F2D-1E6B-49BE-8006-F4FA3F89AA7D}
	EndGlobalSection
EndGlobal
