<?xml version="1.0" encoding="utf-8"?>
<Project ToolsVersion="4.0" xmlns="http://schemas.microsoft.com/developer/msbuild/2003">
  <ItemGroup>
    <Filter Include="Source Files">
      <UniqueIdentifier>{4FC737F1-C7A5-4376-A066-2A32D752A2FF}</UniqueIdentifier>
      <Extensions>cpp;c;cc;cxx;def;odl;idl;hpj;bat;asm;asmx</Extensions>
    </Filter>
    <Filter Include="Header Files">
      <UniqueIdentifier>{93995380-89BD-4b04-88EB-625FBE52EBFB}</UniqueIdentifier>
      <Extensions>h;hh;hpp;hxx;hm;inl;inc;xsd</Extensions>
    </Filter>
    <Filter Include="Form Files">
      <UniqueIdentifier>{99349809-55BA-4b9d-BF79-8FDBB0286EB3}</UniqueIdentifier>
      <Extensions>ui</Extensions>
    </Filter>
    <Filter Include="Translation Files">
      <UniqueIdentifier>{639EADAA-A684-42e4-A9AD-28FC9BCB8F7C}</UniqueIdentifier>
      <Extensions>ts</Extensions>
    </Filter>
    <Filter Include="Header Files\Resource Files">
      <UniqueIdentifier>{67DA6AB6-F800-4c08-8B7A-83BB121AAD01}</UniqueIdentifier>
      <Extensions>qrc;rc;ico;cur;bmp;dlg;rc2;rct;bin;rgs;gif;jpg;jpeg;jpe;resx;tiff;tif;png;wav;mfcribbon-ms</Extensions>
    </Filter>
  </ItemGroup>
  <ItemGroup>
    <QtRcc Include="PuzzleGames.qrc">
      <Filter>Header Files\Resource Files</Filter>
    </QtRcc>
    <ClCompile Include="PuzzleGames.cpp">
      <Filter>Source Files</Filter>
    </ClCompile>
  </ItemGroup>
  <ItemGroup>
    <ClCompile Include="main.cpp">
      <Filter>Source Files</Filter>
    </ClCompile>
    <ClCompile Include="ColorConstants.cpp">
      <Filter>Source Files</Filter>
    </ClCompile>
    <ClCompile Include="GameEngine.cpp">
      <Filter>Source Files</Filter>
    </ClCompile>
    <ClCompile Include="MinesweeperEngine.cpp">
      <Filter>Source Files</Filter>
    </ClCompile>
    <ClCompile Include="MinesweeperTile.cpp">
      <Filter>Source Files</Filter>
    </ClCompile>
    <ClCompile Include="Utilities.cpp">
      <Filter>Source Files</Filter>
    </ClCompile>
    <ClCompile Include="QDifferentClicks.cpp">
      <Filter>Source Files</Filter>
    </ClCompile>
    <ClCompile Include="BattleshipEngine.cpp">
      <Filter>Source Files</Filter>
    </ClCompile>
    <ClCompile Include="BattleshipTile.cpp">
      <Filter>Source Files</Filter>
    </ClCompile>
    <ClCompile Include="BattleshipShip.cpp">
      <Filter>Source Files</Filter>
    </ClCompile>
  </ItemGroup>
  <ItemGroup>
    <QtMoc Include="PuzzleGames.h">
      <Filter>Header Files</Filter>
    </QtMoc>
    <QtMoc Include="QDifferentClicksButton.h">
      <Filter>Header Files</Filter>
    </QtMoc>
    <QtMoc Include="MinesweeperEngine.h">
      <Filter>Header Files</Filter>
    </QtMoc>
    <QtMoc Include="GameEngine.h">
      <Filter>Header Files</Filter>
    </QtMoc>
    <QtMoc Include="BattleshipEngine.h">
      <Filter>Header Files</Filter>
    </QtMoc>
  </ItemGroup>
  <ItemGroup>
    <QtUic Include="PuzzleGames.ui">
      <Filter>Form Files</Filter>
    </QtUic>
  </ItemGroup>
  <ItemGroup>
    <ClInclude Include="ColorConstants.h">
      <Filter>Header Files</Filter>
    </ClInclude>
    <ClInclude Include="MinesweeperTile.h">
      <Filter>Header Files</Filter>
    </ClInclude>
    <ClInclude Include="Utilities.h">
      <Filter>Header Files</Filter>
    </ClInclude>
    <ClInclude Include="BattleshipTile.h">
      <Filter>Header Files</Filter>
    </ClInclude>
    <ClInclude Include="BattleshipShip.h">
      <Filter>Header Files</Filter>
    </ClInclude>
  </ItemGroup>
</Project>