<?xml version="1.0" encoding="utf-8"?>
<Project ToolsVersion="4.0" xmlns="http://schemas.microsoft.com/developer/msbuild/2003">
  <ItemGroup>
    <Filter Include="Source Files">
      <UniqueIdentifier>{4FC737F1-C7A5-4376-A066-2A32D752A2FF}</UniqueIdentifier>
      <Extensions>cpp;c;cc;cxx;def;odl;idl;hpj;bat;asm;asmx</Extensions>
    </Filter>
    <Filter Include="Header Files">
      <UniqueIdentifier>{93995380-89BD-4b04-88EB-625FBE52EBFB}</UniqueIdentifier>
      <Extensions>h;hh;hpp;hxx;hm;inl;inc;xsd</Extensions>
    </Filter>
    <Filter Include="Form Files">
      <UniqueIdentifier>{99349809-55BA-4b9d-BF79-8FDBB0286EB3}</UniqueIdentifier>
      <Extensions>ui</Extensions>
    </Filter>
    <Filter Include="Translation Files">
      <UniqueIdentifier>{639EADAA-A684-42e4-A9AD-28FC9BCB8F7C}</UniqueIdentifier>
      <Extensions>ts</Extensions>
    </Filter>
    <Filter Include="Header Files\Resource Files">
      <UniqueIdentifier>{67DA6AB6-F800-4c08-8B7A-83BB121AAD01}</UniqueIdentifier>
      <Extensions>qrc;rc;ico;cur;bmp;dlg;rc2;rct;bin;rgs;gif;jpg;jpeg;jpe;resx;tiff;tif;png;wav;mfcribbon-ms</Extensions>
    </Filter>
  </ItemGroup>
  <ItemGroup>
    <QtRcc Include="View\PuzzleGames.qrc">
      <Filter>Header Files\Resource Files</Filter>
    </QtRcc>
    <ClCompile Include="Controller\PuzzleGames.cpp">
      <Filter>Source Files</Filter>
    </ClCompile>
  </ItemGroup>
  <ItemGroup>
    <ClCompile Include="Controller\main.cpp">
      <Filter>Source Files</Filter>
    </ClCompile>
    <ClCompile Include="Model\ColorConstants.cpp">
      <Filter>Source Files</Filter>
    </ClCompile>
    <ClCompile Include="Controller\GameEngine.cpp">
      <Filter>Source Files</Filter>
    </ClCompile>
    <ClCompile Include="Controller\MinesweeperEngine.cpp">
      <Filter>Source Files</Filter>
    </ClCompile>
    <ClCompile Include="Model\Minesweeper\MinesweeperTile.cpp">
      <Filter>Source Files</Filter>
    </ClCompile>
    <ClCompile Include="Model\ArrayUtils.cpp">
      <Filter>Source Files</Filter>
    </ClCompile>
    <ClCompile Include="Model\QDifferentClicks.cpp">
      <Filter>Source Files</Filter>
    </ClCompile>
    <ClCompile Include="Controller\BattleshipEngine.cpp">
      <Filter>Source Files</Filter>
    </ClCompile>
    <ClCompile Include="Model\Battleship\BattleshipTile.cpp">
      <Filter>Source Files</Filter>
    </ClCompile>
    <ClCompile Include="Model\Battleship\BattleshipShip.cpp">
      <Filter>Source Files</Filter>
    </ClCompile>
    <ClCompile Include="Model\FillTheSquares\FillSquareConstants.cpp">
      <Filter>Source Files</Filter>
    </ClCompile>
    <ClCompile Include="Model\FillTheSquares\FillSquareLayout.cpp">
      <Filter>Source Files</Filter>
    </ClCompile>
    <ClCompile Include="Controller\FillSquaresEngine.cpp">
      <Filter>Source Files</Filter>
    </ClCompile>
    <ClCompile Include="Model\FillTheSquares\FillSquaresTile.cpp">
      <Filter>Source Files</Filter>
    </ClCompile>
    <ClCompile Include="Controller\BlockSlideEngine.cpp">
      <Filter>Source Files</Filter>
    </ClCompile>
    <ClCompile Include="Model\BlockSlide\BlockSlideTile.cpp">
      <Filter>Source Files</Filter>
    </ClCompile>
    <ClCompile Include="Model\BlockSlide\SlidingBlock.cpp">
      <Filter>Source Files</Filter>
    </ClCompile>
    <ClCompile Include="Model\BlockSlide\BlockSlideConstants.cpp">
      <Filter>Source Files</Filter>
    </ClCompile>
    <ClCompile Include="Model\BlockSlide\BlockSlideLayout.cpp">
      <Filter>Source Files</Filter>
    </ClCompile>
    <ClCompile Include="Model\BlockFill\BlockFillShape.cpp">
      <Filter>Source Files</Filter>
    </ClCompile>
    <ClCompile Include="Model\BlockFill\BlockFillTile.cpp">
      <Filter>Source Files</Filter>
    </ClCompile>
    <ClCompile Include="Model\BlockFill\BlockFillConstants.cpp">
      <Filter>Source Files</Filter>
    </ClCompile>
    <ClCompile Include="Controller\BlockFillEngine.cpp">
      <Filter>Source Files</Filter>
    </ClCompile>
    <ClCompile Include="Model\BlockFill\BlockFillLayout.cpp">
      <Filter>Source Files</Filter>
    </ClCompile>
    <ClCompile Include="Model\Coordination\CoordinationConstants.cpp">
      <Filter>Source Files</Filter>
    </ClCompile>
    <ClCompile Include="Controller\CoordinationEngine.cpp">
      <Filter>Source Files</Filter>
    </ClCompile>
    <ClCompile Include="Model\Coordination\CoordinationLayout.cpp">
      <Filter>Source Files</Filter>
    </ClCompile>
    <ClCompile Include="Model\Coordination\CoordinationTile.cpp">
      <Filter>Source Files</Filter>
    </ClCompile>
    <ClCompile Include="Controller\PuzzleSelectGameEngine.cpp">
      <Filter>Source Files</Filter>
    </ClCompile>
    <ClCompile Include="Model\TileUtils.cpp">
      <Filter>Source Files</Filter>
    </ClCompile>
    <ClCompile Include="Model\ColorUtils.cpp">
      <Filter>Source Files</Filter>
    </ClCompile>
  </ItemGroup>
  <ItemGroup>
    <QtMoc Include="Controller\PuzzleGames.h">
      <Filter>Header Files</Filter>
    </QtMoc>
    <QtMoc Include="Model\QDifferentClicksButton.h">
      <Filter>Header Files</Filter>
    </QtMoc>
    <QtMoc Include="Controller\MinesweeperEngine.h">
      <Filter>Header Files</Filter>
    </QtMoc>
    <QtMoc Include="Controller\GameEngine.h">
      <Filter>Header Files</Filter>
    </QtMoc>
    <QtMoc Include="Controller\BattleshipEngine.h">
      <Filter>Header Files</Filter>
    </QtMoc>
  </ItemGroup>
  <ItemGroup>
    <QtUic Include="View\PuzzleGames.ui">
      <Filter>Form Files</Filter>
    </QtUic>
  </ItemGroup>
  <ItemGroup>
    <ClInclude Include="Model\ColorConstants.h">
      <Filter>Header Files</Filter>
    </ClInclude>
    <ClInclude Include="Model\Minesweeper\MinesweeperTile.h">
      <Filter>Header Files</Filter>
    </ClInclude>
    <ClInclude Include="Model\ArrayUtils.h">
      <Filter>Header Files</Filter>
    </ClInclude>
    <ClInclude Include="Model\Battleship\BattleshipTile.h">
      <Filter>Header Files</Filter>
    </ClInclude>
    <ClInclude Include="Model\Battleship\BattleshipShip.h">
      <Filter>Header Files</Filter>
    </ClInclude>
    <ClInclude Include="Model\FillTheSquares\FillSquareConstants.h">
      <Filter>Header Files</Filter>
    </ClInclude>
    <ClInclude Include="Model\FillTheSquares\FillSquareLayout.h">
      <Filter>Header Files</Filter>
    </ClInclude>
    <ClInclude Include="Controller\FillSquaresEngine.h">
      <Filter>Header Files</Filter>
    </ClInclude>
    <ClInclude Include="Model\FillTheSquares\FillSquaresTile.h">
      <Filter>Header Files</Filter>
    </ClInclude>
    <ClInclude Include="Controller\BlockSlideEngine.h">
      <Filter>Header Files</Filter>
    </ClInclude>
    <ClInclude Include="Model\BlockSlide\BlockSlideTile.h">
      <Filter>Header Files</Filter>
    </ClInclude>
    <ClInclude Include="Model\BlockSlide\SlidingBlock.h">
      <Filter>Header Files</Filter>
    </ClInclude>
    <ClInclude Include="Model\BlockSlide\BlockSlideConstants.h">
      <Filter>Header Files</Filter>
    </ClInclude>
    <ClInclude Include="Model\BlockSlide\BlockSlideLayout.h">
      <Filter>Header Files</Filter>
    </ClInclude>
    <ClInclude Include="Model\BlockFill\BlockFillShape.h">
      <Filter>Header Files</Filter>
    </ClInclude>
    <ClInclude Include="Model\BlockFill\BlockFillTile.h">
      <Filter>Header Files</Filter>
    </ClInclude>
    <ClInclude Include="Model\BlockFill\BlockFillConstants.h">
      <Filter>Header Files</Filter>
    </ClInclude>
    <ClInclude Include="Controller\BlockFillEngine.h">
      <Filter>Header Files</Filter>
    </ClInclude>
    <ClInclude Include="Model\BlockFill\BlockFillLayout.h">
      <Filter>Header Files</Filter>
    </ClInclude>
    <ClInclude Include="Model\Coordination\CoordinationConstants.h">
      <Filter>Header Files</Filter>
    </ClInclude>
    <ClInclude Include="Controller\CoordinationEngine.h">
      <Filter>Header Files</Filter>
    </ClInclude>
    <ClInclude Include="Model\Coordination\CoordinationLayout.h">
      <Filter>Header Files</Filter>
    </ClInclude>
    <ClInclude Include="Model\Coordination\CoordinationTile.h">
      <Filter>Header Files</Filter>
    </ClInclude>
    <ClInclude Include="Controller\PuzzleSelectGameEngine.h">
      <Filter>Header Files</Filter>
    </ClInclude>
    <ClInclude Include="Model\TileUtils.h">
      <Filter>Header Files</Filter>
    </ClInclude>
    <ClInclude Include="Model\ColorUtils.h">
      <Filter>Header Files</Filter>
    </ClInclude>
  </ItemGroup>
  <ItemGroup>
    <None Include="cpp.hint" />
  </ItemGroup>
</Project>